<?xml version="1.0" encoding="utf-8"?>
<Project ToolsVersion="4.0" xmlns="http://schemas.microsoft.com/developer/msbuild/2003">
  <ItemGroup>
    <Filter Include="Source Files">
      <UniqueIdentifier>{4FC737F1-C7A5-4376-A066-2A32D752A2FF}</UniqueIdentifier>
      <Extensions>cpp;c;cc;cxx;c++;cppm;ixx;def;odl;idl;hpj;bat;asm;asmx</Extensions>
    </Filter>
    <Filter Include="Header Files">
      <UniqueIdentifier>{93995380-89BD-4b04-88EB-625FBE52EBFB}</UniqueIdentifier>
      <Extensions>h;hh;hpp;hxx;h++;hm;inl;inc;ipp;xsd</Extensions>
    </Filter>
    <Filter Include="Resource Files">
      <UniqueIdentifier>{67DA6AB6-F800-4c08-8B7A-83BB121AAD01}</UniqueIdentifier>
      <Extensions>rc;ico;cur;bmp;dlg;rc2;rct;bin;rgs;gif;jpg;jpeg;jpe;resx;tiff;tif;png;wav;mfcribbon-ms</Extensions>
    </Filter>
    <Filter Include="Header Files\Products">
      <UniqueIdentifier>{18e53360-37a4-41e6-b0aa-c8791d9172a6}</UniqueIdentifier>
    </Filter>
    <Filter Include="Source Files\Products">
      <UniqueIdentifier>{b5a28ead-7287-423e-bc55-98e5c8355d0a}</UniqueIdentifier>
    </Filter>
    <Filter Include="Header Files\Products\SmartphonesAndTelephones">
      <UniqueIdentifier>{b1e2e311-7d7f-490d-8a66-a02581f96b91}</UniqueIdentifier>
    </Filter>
    <Filter Include="Header Files\Products\SmartphonesAndTelephones\PhoneAccessories">
      <UniqueIdentifier>{9a2d668d-e47d-4541-af3c-e7a382bb6676}</UniqueIdentifier>
    </Filter>
    <Filter Include="Source Files\Products\SmartphonesAndTelephones">
      <UniqueIdentifier>{089fc9c5-a35d-4c98-a979-ce237bae9cf8}</UniqueIdentifier>
    </Filter>
    <Filter Include="Source Files\Products\SmartphonesAndTelephones\PhoneAccessories">
      <UniqueIdentifier>{d1d705da-b682-4de4-babc-e468f2ae494a}</UniqueIdentifier>
    </Filter>
    <Filter Include="Header Files\Products\LaptopsAndComputers">
      <UniqueIdentifier>{3121d5b2-61bf-44ad-9115-b173d4577ae3}</UniqueIdentifier>
    </Filter>
    <Filter Include="Source Files\Products\LaptopsAndComputers">
      <UniqueIdentifier>{4008d625-6c4c-4499-8fa3-2d2ca1144506}</UniqueIdentifier>
    </Filter>
    <Filter Include="Header Files\Products\LaptopsAndComputers\PCAccessories">
      <UniqueIdentifier>{83bd888b-f25a-4c63-a095-c0b4eede35f8}</UniqueIdentifier>
    </Filter>
    <Filter Include="Source Files\Products\LaptopsAndComputers\PCAccessories">
      <UniqueIdentifier>{117fed87-230e-4205-8e11-2a501df14892}</UniqueIdentifier>
    </Filter>
  </ItemGroup>
  <ItemGroup>
    <ClCompile Include="Main.cpp">
      <Filter>Source Files</Filter>
    </ClCompile>
    <ClCompile Include="ShoppingCart.cpp">
      <Filter>Source Files</Filter>
    </ClCompile>
    <ClCompile Include="Product.cpp">
      <Filter>Source Files</Filter>
    </ClCompile>
    <ClCompile Include="PhoneAccessories.cpp">
      <Filter>Source Files\Products\SmartphonesAndTelephones</Filter>
    </ClCompile>
    <ClCompile Include="Smartphone.cpp">
      <Filter>Source Files\Products\SmartphonesAndTelephones</Filter>
    </ClCompile>
    <ClCompile Include="Telephone.cpp">
      <Filter>Source Files\Products\SmartphonesAndTelephones</Filter>
    </ClCompile>
    <ClCompile Include="Cover.cpp">
      <Filter>Source Files\Products\SmartphonesAndTelephones\PhoneAccessories</Filter>
    </ClCompile>
    <ClCompile Include="Headphone.cpp">
      <Filter>Source Files\Products\SmartphonesAndTelephones\PhoneAccessories</Filter>
    </ClCompile>
    <ClCompile Include="PortableSpeakers.cpp">
      <Filter>Source Files\Products\SmartphonesAndTelephones\PhoneAccessories</Filter>
    </ClCompile>
    <ClCompile Include="BluetoothHeadset.cpp">
      <Filter>Source Files\Products\SmartphonesAndTelephones\PhoneAccessories</Filter>
    </ClCompile>
    <ClCompile Include="MemoryCard.cpp">
      <Filter>Source Files\Products\SmartphonesAndTelephones\PhoneAccessories</Filter>
    </ClCompile>
    <ClCompile Include="ProtectiveGlass.cpp">
      <Filter>Source Files\Products\SmartphonesAndTelephones\PhoneAccessories</Filter>
    </ClCompile>
    <ClCompile Include="SIMCard.cpp">
      <Filter>Source Files\Products\SmartphonesAndTelephones</Filter>
    </ClCompile>
    <ClCompile Include="Router.cpp">
      <Filter>Source Files\Products\LaptopsAndComputers</Filter>
    </ClCompile>
    <ClCompile Include="Printer.cpp">
      <Filter>Source Files\Products\LaptopsAndComputers</Filter>
    </ClCompile>
    <ClCompile Include="PCAccessories.cpp">
      <Filter>Source Files\Products\LaptopsAndComputers</Filter>
    </ClCompile>
    <ClCompile Include="Laptop.cpp">
      <Filter>Source Files\Products\LaptopsAndComputers</Filter>
    </ClCompile>
    <ClCompile Include="Accessories.cpp">
      <Filter>Source Files\Products\LaptopsAndComputers</Filter>
    </ClCompile>
    <ClCompile Include="Videocard.cpp">
      <Filter>Source Files\Products\LaptopsAndComputers\PCAccessories</Filter>
    </ClCompile>
    <ClCompile Include="Storage.cpp">
      <Filter>Source Files\Products\LaptopsAndComputers\PCAccessories</Filter>
    </ClCompile>
    <ClCompile Include="Processor.cpp">
      <Filter>Source Files\Products\LaptopsAndComputers\PCAccessories</Filter>
    </ClCompile>
    <ClCompile Include="PowerSupplies.cpp">
      <Filter>Source Files\Products\LaptopsAndComputers\PCAccessories</Filter>
    </ClCompile>
    <ClCompile Include="Motherboard.cpp">
      <Filter>Source Files\Products\LaptopsAndComputers\PCAccessories</Filter>
    </ClCompile>
    <ClCompile Include="DDR.cpp">
      <Filter>Source Files\Products\LaptopsAndComputers\PCAccessories</Filter>
    </ClCompile>
  </ItemGroup>
  <ItemGroup>
    <ClInclude Include="ShoppingCart.h">
      <Filter>Header Files</Filter>
    </ClInclude>
    <ClInclude Include="Product.h">
      <Filter>Header Files</Filter>
    </ClInclude>
    <ClInclude Include="PhoneAccessories.h">
      <Filter>Header Files\Products\SmartphonesAndTelephones</Filter>
    </ClInclude>
    <ClInclude Include="Smartphone.h">
      <Filter>Header Files\Products\SmartphonesAndTelephones</Filter>
    </ClInclude>
    <ClInclude Include="Telephone.h">
      <Filter>Header Files\Products\SmartphonesAndTelephones</Filter>
    </ClInclude>
    <ClInclude Include="Cover.h">
      <Filter>Header Files\Products\SmartphonesAndTelephones\PhoneAccessories</Filter>
    </ClInclude>
    <ClInclude Include="Headphone.h">
      <Filter>Header Files\Products\SmartphonesAndTelephones\PhoneAccessories</Filter>
    </ClInclude>
    <ClInclude Include="PortableSpeakers.h">
      <Filter>Header Files\Products\SmartphonesAndTelephones\PhoneAccessories</Filter>
    </ClInclude>
    <ClInclude Include="BluetoothHeadset.h">
      <Filter>Header Files\Products\SmartphonesAndTelephones\PhoneAccessories</Filter>
    </ClInclude>
    <ClInclude Include="MemoryCard.h">
      <Filter>Header Files\Products\SmartphonesAndTelephones\PhoneAccessories</Filter>
    </ClInclude>
    <ClInclude Include="ProtectiveGlass.h">
      <Filter>Header Files\Products\SmartphonesAndTelephones\PhoneAccessories</Filter>
    </ClInclude>
    <ClInclude Include="SIMCard.h">
      <Filter>Header Files\Products\SmartphonesAndTelephones</Filter>
    </ClInclude>
    <ClInclude Include="Laptop.h">
      <Filter>Header Files\Products\LaptopsAndComputers</Filter>
    </ClInclude>
    <ClInclude Include="PCAccessories.h">
      <Filter>Header Files\Products\LaptopsAndComputers</Filter>
    </ClInclude>
    <ClInclude Include="Printer.h">
      <Filter>Header Files\Products\LaptopsAndComputers</Filter>
    </ClInclude>
    <ClInclude Include="Router.h">
      <Filter>Header Files\Products\LaptopsAndComputers</Filter>
    </ClInclude>
    <ClInclude Include="Accessories.h">
      <Filter>Header Files\Products\LaptopsAndComputers</Filter>
    </ClInclude>
    <ClInclude Include="Motherboard.h">
      <Filter>Header Files\Products\LaptopsAndComputers\PCAccessories</Filter>
    </ClInclude>
    <ClInclude Include="PowerSupplies.h">
      <Filter>Header Files\Products\LaptopsAndComputers\PCAccessories</Filter>
    </ClInclude>
    <ClInclude Include="Videocard.h">
      <Filter>Header Files\Products\LaptopsAndComputers\PCAccessories</Filter>
    </ClInclude>
    <ClInclude Include="Processor.h">
      <Filter>Header Files\Products\LaptopsAndComputers\PCAccessories</Filter>
    </ClInclude>
    <ClInclude Include="Storage.h">
      <Filter>Header Files\Products\LaptopsAndComputers\PCAccessories</Filter>
    </ClInclude>
    <ClInclude Include="DDR.h">
      <Filter>Header Files\Products\LaptopsAndComputers\PCAccessories</Filter>
    </ClInclude>
  </ItemGroup>
  <ItemGroup>
    <Text Include="SmartphonesList.txt">
      <Filter>Resource Files</Filter>
    </Text>
    <Text Include="ShoppingCart.txt">
      <Filter>Resource Files</Filter>
    </Text>
    <Text Include="TelephoneList.txt">
      <Filter>Resource Files</Filter>
    </Text>
    <Text Include="BluetoothHeadsetList.txt">
      <Filter>Resource Files</Filter>
    </Text>
    <Text Include="CoverList.txt">
      <Filter>Resource Files</Filter>
    </Text>
    <Text Include="HeadphoneList.txt">
      <Filter>Resource Files</Filter>
    </Text>
    <Text Include="MemoryCardList.txt">
      <Filter>Resource Files</Filter>
    </Text>
    <Text Include="PortableSpeakersList.txt">
      <Filter>Resource Files</Filter>
    </Text>
    <Text Include="ProtectiveGlassList.txt">
      <Filter>Resource Files</Filter>
    </Text>
    <Text Include="SIMCardList.txt">
      <Filter>Resource Files</Filter>
    </Text>
    <Text Include="LaptopsList.txt">
      <Filter>Resource Files</Filter>
    </Text>
    <Text Include="RountersList.txt">
      <Filter>Resource Files</Filter>
    </Text>
    <Text Include="PrintersList.txt">
      <Filter>Resource Files</Filter>
    </Text>
    <Text Include="VideocardsList.txt">
      <Filter>Resource Files</Filter>
    </Text>
    <Text Include="ProcessorsList.txt">
      <Filter>Resource Files</Filter>
    </Text>
    <Text Include="MotherboardsList.txt">
      <Filter>Resource Files</Filter>
    </Text>
    <Text Include="StoragesList.txt">
      <Filter>Resource Files</Filter>
    </Text>
    <Text Include="PowerSuppliesList.txt">
      <Filter>Resource Files</Filter>
    </Text>
    <Text Include="RoutersList.txt">
      <Filter>Resource Files</Filter>
    </Text>
    <Text Include="AccessoriesList.txt">
      <Filter>Resource Files</Filter>
    </Text>
  </ItemGroup>
</Project>